
Microsoft Visual Studio Solution File, Format Version 12.00
# Visual Studio Version 16
VisualStudioVersion = 16.0.31205.134
MinimumVisualStudioVersion = 10.0.40219.1
Project("{9A19103F-16F7-4668-BE54-9A1E7A4F7556}") = "HackeRank", "HackerRank\HackeRank.csproj", "{CE780F43-3F47-43BC-9899-D3B14C650BC9}"
EndProject
Project("{9A19103F-16F7-4668-BE54-9A1E7A4F7556}") = "LeetCode", "LeetCode\LeetCode.csproj", "{22B9744A-1610-44B1-9D62-C82363EABA70}"
EndProject
Global
	GlobalSection(SolutionConfigurationPlatforms) = preSolution
		Debug|Any CPU = Debug|Any CPU
		Release|Any CPU = Release|Any CPU
	EndGlobalSection
	GlobalSection(ProjectConfigurationPlatforms) = postSolution
		{CE780F43-3F47-43BC-9899-D3B14C650BC9}.Debug|Any CPU.ActiveCfg = Debug|Any CPU
		{CE780F43-3F47-43BC-9899-D3B14C650BC9}.Debug|Any CPU.Build.0 = Debug|Any CPU
		{CE780F43-3F47-43BC-9899-D3B14C650BC9}.Release|Any CPU.ActiveCfg = Release|Any CPU
		{CE780F43-3F47-43BC-9899-D3B14C650BC9}.Release|Any CPU.Build.0 = Release|Any CPU
		{22B9744A-1610-44B1-9D62-C82363EABA70}.Debug|Any CPU.ActiveCfg = Debug|Any CPU
		{22B9744A-1610-44B1-9D62-C82363EABA70}.Debug|Any CPU.Build.0 = Debug|Any CPU
		{22B9744A-1610-44B1-9D62-C82363EABA70}.Release|Any CPU.ActiveCfg = Release|Any CPU
		{22B9744A-1610-44B1-9D62-C82363EABA70}.Release|Any CPU.Build.0 = Release|Any CPU
	EndGlobalSection
	GlobalSection(SolutionProperties) = preSolution
		HideSolutionNode = FALSE
	EndGlobalSection
	GlobalSection(ExtensibilityGlobals) = postSolution
		SolutionGuid = {7FF233E1-4F89-478B-85ED-44499C06FBCE}
	EndGlobalSection
EndGlobal
